{
  "name": "@theta-rpc/ipc-transport",
  "version": "1.2.2",
  "lockfileVersion": 2,
  "requires": true,
  "packages": {
    "": {
      "name": "@theta-rpc/ipc-transport",
      "version": "1.2.2",
      "license": "MIT",
      "dependencies": {
        "@theta-rpc/transport": "^1.2.2",
        "debug": "^4.3.1",
        "frame-stream": "^2.1.0"
      },
      "devDependencies": {
        "@types/debug": "^4.1.5",
        "@types/node": "^14.0.6",
        "typescript": "^3.9.3"
      }
    },
    "../events": {
      "name": "@theta-rpc/events",
      "version": "1.2.2",
      "license": "MIT",
      "dependencies": {
        "eventemitter3": "^4.0.7"
      },
      "devDependencies": {
        "@types/node": "^14.0.6",
        "typescript": "^3.9.3"
      }
    },
    "../events/node_modules/@types/node": {
      "version": "14.0.27",
      "dev": true,
      "license": "MIT"
    },
    "../events/node_modules/eventemitter3": {
      "version": "4.0.7",
      "license": "MIT"
    },
    "../events/node_modules/typescript": {
      "version": "3.9.7",
      "dev": true,
      "license": "Apache-2.0",
      "bin": {
        "tsc": "bin/tsc",
        "tsserver": "bin/tsserver"
      },
      "engines": {
        "node": ">=4.2.0"
      }
    },
    "../transport": {
      "name": "@theta-rpc/transport",
      "version": "1.2.2",
      "license": "MIT",
      "dependencies": {
        "@theta-rpc/events": "^1.2.2"
      },
      "devDependencies": {
        "@types/node": "^14.0.6",
        "typescript": "^3.9.3"
      }
    },
    "../transport/node_modules/@theta-rpc/events": {
      "resolved": "../events",
      "link": true
    },
    "../transport/node_modules/@types/node": {
      "version": "14.0.27",
      "dev": true,
      "license": "MIT"
    },
    "../transport/node_modules/typescript": {
      "version": "3.9.7",
      "dev": true,
      "license": "Apache-2.0",
      "bin": {
        "tsc": "bin/tsc",
        "tsserver": "bin/tsserver"
      },
      "engines": {
        "node": ">=4.2.0"
      }
    },
    "node_modules/@theta-rpc/transport": {
      "resolved": "../transport",
      "link": true
    },
    "node_modules/@types/debug": {
      "version": "4.1.5",
      "dev": true,
      "license": "MIT"
    },
    "node_modules/@types/node": {
      "version": "14.0.27",
      "dev": true,
      "license": "MIT"
    },
    "node_modules/debug": {
      "version": "4.3.1",
      "license": "MIT",
      "dependencies": {
        "ms": "2.1.2"
      },
      "engines": {
        "node": ">=6.0"
      },
      "peerDependenciesMeta": {
        "supports-color": {
          "optional": true
        }
      }
    },
    "node_modules/frame-stream": {
      "version": "2.1.0",
      "license": "MIT",
      "engines": {
        "node": ">=5"
      }
    },
    "node_modules/ms": {
      "version": "2.1.2",
      "license": "MIT"
    },
    "node_modules/typescript": {
      "version": "3.9.7",
      "dev": true,
      "license": "Apache-2.0",
      "bin": {
        "tsc": "bin/tsc",
        "tsserver": "bin/tsserver"
      },
      "engines": {
        "node": ">=4.2.0"
      }
    }
  },
  "dependencies": {
    "@theta-rpc/transport": {
      "version": "file:../transport",
      "requires": {
        "@theta-rpc/events": "^1.2.2",
        "@types/node": "^14.0.6",
        "typescript": "^3.9.3"
      },
      "dependencies": {
        "@theta-rpc/events": {
          "version": "file:../events",
          "requires": {
            "@types/node": "^14.0.6",
            "eventemitter3": "^4.0.7",
            "typescript": "^3.9.3"
          },
          "dependencies": {
            "@types/node": {
              "version": "14.0.27",
              "dev": true
            },
            "eventemitter3": {
              "version": "4.0.7"
            },
            "typescript": {
              "version": "3.9.7",
              "dev": true
            }
          }
        },
        "@types/node": {
          "version": "14.0.27",
          "dev": true
        },
        "typescript": {
          "version": "3.9.7",
          "dev": true
        }
      }
    },
    "@types/debug": {
      "version": "4.1.5",
      "dev": true
    },
    "@types/node": {
      "version": "14.0.27",
      "dev": true
    },
    "debug": {
      "version": "4.3.1",
      "requires": {
        "ms": "2.1.2"
      }
    },
    "frame-stream": {
      "version": "2.1.0"
    },
    "ms": {
      "version": "2.1.2"
    },
    "typescript": {
      "version": "3.9.7",
      "dev": true
    }
  }
}
